{
	"name": "github-markdown-css",
	"version": "5.8.1",
	"lockfileVersion": 3,
	"requires": true,
	"packages": {
		"": {
			"name": "github-markdown-css",
			"version": "5.8.1",
			"license": "MIT",
			"devDependencies": {
				"generate-github-markdown-css": "^6.5.1"
			},
			"engines": {
				"node": ">=10"
			},
			"funding": {
				"url": "https://github.com/sponsors/sindresorhus"
			}
		},
		"node_modules/generate-github-markdown-css": {
			"version": "6.5.1",
			"resolved": "https://registry.npmjs.org/generate-github-markdown-css/-/generate-github-markdown-css-6.5.1.tgz",
			"integrity": "sha512-FuPz6YridiJzNLwzswX4oXLWqpPf4ryv+Hty9TWMMFaU8qYEl8tjWauJUMIqT/mRnu4bJyE/kk+qlfEHd/rRaQ==",
			"dev": true,
			"license": "MIT",
			"dependencies": {
				"meow": "^12.1.1",
				"postcss": "^8.4.47"
			},
			"bin": {
				"github-markdown-css": "cli.js"
			},
			"engines": {
				"node": ">=18"
			},
			"funding": {
				"url": "https://github.com/sponsors/sindresorhus"
			}
		},
		"node_modules/meow": {
			"version": "12.1.1",
			"resolved": "https://registry.npmjs.org/meow/-/meow-12.1.1.tgz",
			"integrity": "sha512-BhXM0Au22RwUneMPwSCnyhTOizdWoIEPU9sp0Aqa1PnDMR5Wv2FGXYDjuzJEIX+Eo2Rb8xuYe5jrnm5QowQFkw==",
			"dev": true,
			"license": "MIT",
			"engines": {
				"node": ">=16.10"
			},
			"funding": {
				"url": "https://github.com/sponsors/sindresorhus"
			}
		},
		"node_modules/nanoid": {
			"version": "3.3.8",
			"resolved": "https://registry.npmjs.org/nanoid/-/nanoid-3.3.8.tgz",
			"integrity": "sha512-WNLf5Sd8oZxOm+TzppcYk8gVOgP+l58xNy58D0nbUnOxOWRWvlcCV4kUF7ltmI6PsrLl/BgKEyS4mqsGChFN0w==",
			"dev": true,
			"funding": [
				{
					"type": "github",
					"url": "https://github.com/sponsors/ai"
				}
			],
			"license": "MIT",
			"bin": {
				"nanoid": "bin/nanoid.cjs"
			},
			"engines": {
				"node": "^10 || ^12 || ^13.7 || ^14 || >=15.0.1"
			}
		},
		"node_modules/picocolors": {
			"version": "1.1.1",
			"resolved": "https://registry.npmjs.org/picocolors/-/picocolors-1.1.1.tgz",
			"integrity": "sha512-xceH2snhtb5M9liqDsmEw56le376mTZkEX/jEb/RxNFyegNul7eNslCXP9FDj/Lcu0X8KEyMceP2ntpaHrDEVA==",
			"dev": true,
			"license": "ISC"
		},
		"node_modules/postcss": {
			"version": "8.5.1",
			"resolved": "https://registry.npmjs.org/postcss/-/postcss-8.5.1.tgz",
			"integrity": "sha512-6oz2beyjc5VMn/KV1pPw8fliQkhBXrVn1Z3TVyqZxU8kZpzEKhBdmCFqI6ZbmGtamQvQGuU1sgPTk8ZrXDD7jQ==",
			"dev": true,
			"funding": [
				{
					"type": "opencollective",
					"url": "https://opencollective.com/postcss/"
				},
				{
					"type": "tidelift",
					"url": "https://tidelift.com/funding/github/npm/postcss"
				},
				{
					"type": "github",
					"url": "https://github.com/sponsors/ai"
				}
			],
			"license": "MIT",
			"dependencies": {
				"nanoid": "^3.3.8",
				"picocolors": "^1.1.1",
				"source-map-js": "^1.2.1"
			},
			"engines": {
				"node": "^10 || ^12 || >=14"
			}
		},
		"node_modules/source-map-js": {
			"version": "1.2.1",
			"resolved": "https://registry.npmjs.org/source-map-js/-/source-map-js-1.2.1.tgz",
			"integrity": "sha512-UXWMKhLOwVKb728IUtQPXxfYU+usdybtUrK/8uGE8CQMvrhOpwvzDBwj0QhSL7MQc7vIsISBG8VQ8+IDQxpfQA==",
			"dev": true,
			"license": "BSD-3-Clause",
			"engines": {
				"node": ">=0.10.0"
			}
		}
	}
}
